Microsoft Visual Studio Solution File, Format Version 12.00
# Visual Studio 2012
Project("{FAE04EC0-301F-11D3-BF4B-00C04F79EFBC}") = "Broadside", "Broadside.csproj", "{EEDFA2DC-E4ED-44B1-A758-FAA06E28078C}"
EndProject
Global
	GlobalSection(SolutionConfigurationPlatforms) = preSolution
	Debug|Any CPU = Debug|Any CPU
	ExportDebug|Any CPU = ExportDebug|Any CPU
	ExportRelease|Any CPU = ExportRelease|Any CPU
	EndGlobalSection
	GlobalSection(ProjectConfigurationPlatforms) = postSolution
		{EEDFA2DC-E4ED-44B1-A758-FAA06E28078C}.Debug|Any CPU.ActiveCfg = Debug|Any CPU
		{EEDFA2DC-E4ED-44B1-A758-FAA06E28078C}.Debug|Any CPU.Build.0 = Debug|Any CPU
		{EEDFA2DC-E4ED-44B1-A758-FAA06E28078C}.ExportDebug|Any CPU.ActiveCfg = ExportDebug|Any CPU
		{EEDFA2DC-E4ED-44B1-A758-FAA06E28078C}.ExportDebug|Any CPU.Build.0 = ExportDebug|Any CPU
		{EEDFA2DC-E4ED-44B1-A758-FAA06E28078C}.ExportRelease|Any CPU.ActiveCfg = ExportRelease|Any CPU
		{EEDFA2DC-E4ED-44B1-A758-FAA06E28078C}.ExportRelease|Any CPU.Build.0 = ExportRelease|Any CPU
	EndGlobalSection
EndGlobal
